// !$*UTF8*$!
{
	archiveVersion = 1;
	classes = {
	};
	objectVersion = 51;
	objects = {

/* Begin PBXBuildFile section */
		4E288E88259FAE830087843B /* AppDelegate.swift in Sources */ = {isa = PBXBuildFile; fileRef = 4E288E87259FAE830087843B /* AppDelegate.swift */; };
		4E288E8A259FAE830087843B /* SceneDelegate.swift in Sources */ = {isa = PBXBuildFile; fileRef = 4E288E89259FAE830087843B /* SceneDelegate.swift */; };
		4E288E8C259FAE830087843B /* WelcomeViewController.swift in Sources */ = {isa = PBXBuildFile; fileRef = 4E288E8B259FAE830087843B /* WelcomeViewController.swift */; };
		4E288E91259FAE880087843B /* Assets.xcassets in Resources */ = {isa = PBXBuildFile; fileRef = 4E288E90259FAE880087843B /* Assets.xcassets */; };
		4E288E94259FAE880087843B /* LaunchScreen.storyboard in Resources */ = {isa = PBXBuildFile; fileRef = 4E288E92259FAE880087843B /* LaunchScreen.storyboard */; };
		4E288E9F259FAE890087843B /* Flash_ChatTests.swift in Sources */ = {isa = PBXBuildFile; fileRef = 4E288E9E259FAE890087843B /* Flash_ChatTests.swift */; };
		4E288EAA259FAE890087843B /* Flash_ChatUITests.swift in Sources */ = {isa = PBXBuildFile; fileRef = 4E288EA9259FAE890087843B /* Flash_ChatUITests.swift */; };
		4E288EBF259FB58F0087843B /* Main.storyboard in Resources */ = {isa = PBXBuildFile; fileRef = 4E288EBE259FB58F0087843B /* Main.storyboard */; };
		4E288EC6259FDE930087843B /* RegisterViewController.swift in Sources */ = {isa = PBXBuildFile; fileRef = 4E288EC5259FDE930087843B /* RegisterViewController.swift */; };
		4E288ECE259FDEBF0087843B /* LoginViewController.swift in Sources */ = {isa = PBXBuildFile; fileRef = 4E288ECD259FDEBF0087843B /* LoginViewController.swift */; };
		4E288ED3259FDEE00087843B /* ChatViewController.swift in Sources */ = {isa = PBXBuildFile; fileRef = 4E288ED2259FDEE00087843B /* ChatViewController.swift */; };
		4E288F1025A0BB400087843B /* GoogleService-Info.plist in Resources */ = {isa = PBXBuildFile; fileRef = 4E288F0F25A0BB3F0087843B /* GoogleService-Info.plist */; };
		4EF049CD25A130D800DCC3A9 /* Constant.swift in Sources */ = {isa = PBXBuildFile; fileRef = 4EF049CC25A130D700DCC3A9 /* Constant.swift */; };
		4EF049D325A13A3B00DCC3A9 /* Message.swift in Sources */ = {isa = PBXBuildFile; fileRef = 4EF049D225A13A3A00DCC3A9 /* Message.swift */; };
		4EF049DC25A13FAB00DCC3A9 /* MessageCell.swift in Sources */ = {isa = PBXBuildFile; fileRef = 4EF049DA25A13FAB00DCC3A9 /* MessageCell.swift */; };
		4EF049DD25A13FAB00DCC3A9 /* MessageCell.xib in Resources */ = {isa = PBXBuildFile; fileRef = 4EF049DB25A13FAB00DCC3A9 /* MessageCell.xib */; };
		4EF049F525A2318F00DCC3A9 /* FirebaseManager.swift in Sources */ = {isa = PBXBuildFile; fileRef = 4EF049F425A2318F00DCC3A9 /* FirebaseManager.swift */; };
		CCFC4050E386870DAD957CD7 /* Pods_Flash_Chat.framework in Frameworks */ = {isa = PBXBuildFile; fileRef = 71A208D71CD4E30E837D6F70 /* Pods_Flash_Chat.framework */; };
/* End PBXBuildFile section */

/* Begin PBXContainerItemProxy section */
		4E288E9B259FAE890087843B /* PBXContainerItemProxy */ = {
			isa = PBXContainerItemProxy;
			containerPortal = 4E288E7C259FAE830087843B /* Project object */;
			proxyType = 1;
			remoteGlobalIDString = 4E288E83259FAE830087843B;
			remoteInfo = "Flash Chat";
		};
		4E288EA6259FAE890087843B /* PBXContainerItemProxy */ = {
			isa = PBXContainerItemProxy;
			containerPortal = 4E288E7C259FAE830087843B /* Project object */;
			proxyType = 1;
			remoteGlobalIDString = 4E288E83259FAE830087843B;
			remoteInfo = "Flash Chat";
		};
/* End PBXContainerItemProxy section */

/* Begin PBXFileReference section */
		4E288E84259FAE830087843B /* Flash Chat.app */ = {isa = PBXFileReference; explicitFileType = wrapper.application; includeInIndex = 0; path = "Flash Chat.app"; sourceTree = BUILT_PRODUCTS_DIR; };
		4E288E87259FAE830087843B /* AppDelegate.swift */ = {isa = PBXFileReference; lastKnownFileType = sourcecode.swift; path = AppDelegate.swift; sourceTree = "<group>"; };
		4E288E89259FAE830087843B /* SceneDelegate.swift */ = {isa = PBXFileReference; lastKnownFileType = sourcecode.swift; path = SceneDelegate.swift; sourceTree = "<group>"; };
		4E288E8B259FAE830087843B /* WelcomeViewController.swift */ = {isa = PBXFileReference; lastKnownFileType = sourcecode.swift; path = WelcomeViewController.swift; sourceTree = "<group>"; };
		4E288E90259FAE880087843B /* Assets.xcassets */ = {isa = PBXFileReference; lastKnownFileType = folder.assetcatalog; path = Assets.xcassets; sourceTree = "<group>"; };
		4E288E93259FAE880087843B /* Base */ = {isa = PBXFileReference; lastKnownFileType = file.storyboard; name = Base; path = Base.lproj/LaunchScreen.storyboard; sourceTree = "<group>"; };
		4E288E95259FAE880087843B /* Info.plist */ = {isa = PBXFileReference; lastKnownFileType = text.plist.xml; path = Info.plist; sourceTree = "<group>"; };
		4E288E9A259FAE890087843B /* Flash ChatTests.xctest */ = {isa = PBXFileReference; explicitFileType = wrapper.cfbundle; includeInIndex = 0; path = "Flash ChatTests.xctest"; sourceTree = BUILT_PRODUCTS_DIR; };
		4E288E9E259FAE890087843B /* Flash_ChatTests.swift */ = {isa = PBXFileReference; lastKnownFileType = sourcecode.swift; path = Flash_ChatTests.swift; sourceTree = "<group>"; };
		4E288EA0259FAE890087843B /* Info.plist */ = {isa = PBXFileReference; lastKnownFileType = text.plist.xml; path = Info.plist; sourceTree = "<group>"; };
		4E288EA5259FAE890087843B /* Flash ChatUITests.xctest */ = {isa = PBXFileReference; explicitFileType = wrapper.cfbundle; includeInIndex = 0; path = "Flash ChatUITests.xctest"; sourceTree = BUILT_PRODUCTS_DIR; };
		4E288EA9259FAE890087843B /* Flash_ChatUITests.swift */ = {isa = PBXFileReference; lastKnownFileType = sourcecode.swift; path = Flash_ChatUITests.swift; sourceTree = "<group>"; };
		4E288EAB259FAE890087843B /* Info.plist */ = {isa = PBXFileReference; lastKnownFileType = text.plist.xml; path = Info.plist; sourceTree = "<group>"; };
		4E288EBE259FB58F0087843B /* Main.storyboard */ = {isa = PBXFileReference; fileEncoding = 4; lastKnownFileType = file.storyboard; path = Main.storyboard; sourceTree = "<group>"; };
		4E288EC5259FDE930087843B /* RegisterViewController.swift */ = {isa = PBXFileReference; lastKnownFileType = sourcecode.swift; path = RegisterViewController.swift; sourceTree = "<group>"; };
		4E288ECD259FDEBF0087843B /* LoginViewController.swift */ = {isa = PBXFileReference; lastKnownFileType = sourcecode.swift; path = LoginViewController.swift; sourceTree = "<group>"; };
		4E288ED2259FDEE00087843B /* ChatViewController.swift */ = {isa = PBXFileReference; lastKnownFileType = sourcecode.swift; path = ChatViewController.swift; sourceTree = "<group>"; };
		4E288F0F25A0BB3F0087843B /* GoogleService-Info.plist */ = {isa = PBXFileReference; fileEncoding = 4; lastKnownFileType = text.plist.xml; path = "GoogleService-Info.plist"; sourceTree = "<group>"; };
		4EF049CC25A130D700DCC3A9 /* Constant.swift */ = {isa = PBXFileReference; lastKnownFileType = sourcecode.swift; path = Constant.swift; sourceTree = "<group>"; };
		4EF049D225A13A3A00DCC3A9 /* Message.swift */ = {isa = PBXFileReference; lastKnownFileType = sourcecode.swift; path = Message.swift; sourceTree = "<group>"; };
		4EF049DA25A13FAB00DCC3A9 /* MessageCell.swift */ = {isa = PBXFileReference; lastKnownFileType = sourcecode.swift; path = MessageCell.swift; sourceTree = "<group>"; };
		4EF049DB25A13FAB00DCC3A9 /* MessageCell.xib */ = {isa = PBXFileReference; lastKnownFileType = file.xib; path = MessageCell.xib; sourceTree = "<group>"; };
		4EF049F425A2318F00DCC3A9 /* FirebaseManager.swift */ = {isa = PBXFileReference; lastKnownFileType = sourcecode.swift; path = FirebaseManager.swift; sourceTree = "<group>"; };
		6F3A058559D7A0940B75988D /* Pods-Flash Chat.release.xcconfig */ = {isa = PBXFileReference; includeInIndex = 1; lastKnownFileType = text.xcconfig; name = "Pods-Flash Chat.release.xcconfig"; path = "Target Support Files/Pods-Flash Chat/Pods-Flash Chat.release.xcconfig"; sourceTree = "<group>"; };
		71A208D71CD4E30E837D6F70 /* Pods_Flash_Chat.framework */ = {isa = PBXFileReference; explicitFileType = wrapper.framework; includeInIndex = 0; path = Pods_Flash_Chat.framework; sourceTree = BUILT_PRODUCTS_DIR; };
		7B3CF08CF63D86F45D5DC986 /* Pods-Flash Chat.debug.xcconfig */ = {isa = PBXFileReference; includeInIndex = 1; lastKnownFileType = text.xcconfig; name = "Pods-Flash Chat.debug.xcconfig"; path = "Target Support Files/Pods-Flash Chat/Pods-Flash Chat.debug.xcconfig"; sourceTree = "<group>"; };
/* End PBXFileReference section */

/* Begin PBXFrameworksBuildPhase section */
		4E288E81259FAE830087843B /* Frameworks */ = {
			isa = PBXFrameworksBuildPhase;
			buildActionMask = 2147483647;
			files = (
				CCFC4050E386870DAD957CD7 /* Pods_Flash_Chat.framework in Frameworks */,
			);
			runOnlyForDeploymentPostprocessing = 0;
		};
		4E288E97259FAE890087843B /* Frameworks */ = {
			isa = PBXFrameworksBuildPhase;
			buildActionMask = 2147483647;
			files = (
			);
			runOnlyForDeploymentPostprocessing = 0;
		};
		4E288EA2259FAE890087843B /* Frameworks */ = {
			isa = PBXFrameworksBuildPhase;
			buildActionMask = 2147483647;
			files = (
			);
			runOnlyForDeploymentPostprocessing = 0;
		};
/* End PBXFrameworksBuildPhase section */

/* Begin PBXGroup section */
		03BCE76166CB6F9C32A2F13A /* Pods */ = {
			isa = PBXGroup;
			children = (
				7B3CF08CF63D86F45D5DC986 /* Pods-Flash Chat.debug.xcconfig */,
				6F3A058559D7A0940B75988D /* Pods-Flash Chat.release.xcconfig */,
			);
			path = Pods;
			sourceTree = "<group>";
		};
		4E288E7B259FAE830087843B = {
			isa = PBXGroup;
			children = (
				4E288E86259FAE830087843B /* Flash Chat */,
				4E288E9D259FAE890087843B /* Flash ChatTests */,
				4E288EA8259FAE890087843B /* Flash ChatUITests */,
				4E288E85259FAE830087843B /* Products */,
				03BCE76166CB6F9C32A2F13A /* Pods */,
				B7F2DD9233206E495F04B063 /* Frameworks */,
			);
			sourceTree = "<group>";
		};
		4E288E85259FAE830087843B /* Products */ = {
			isa = PBXGroup;
			children = (
				4E288E84259FAE830087843B /* Flash Chat.app */,
				4E288E9A259FAE890087843B /* Flash ChatTests.xctest */,
				4E288EA5259FAE890087843B /* Flash ChatUITests.xctest */,
			);
			name = Products;
			sourceTree = "<group>";
		};
		4E288E86259FAE830087843B /* Flash Chat */ = {
			isa = PBXGroup;
			children = (
				4E288ED925A0790B0087843B /* View */,
				4E288ED825A079040087843B /* Model */,
				4E288EC4259FDE1E0087843B /* Controllers */,
				4E288E87259FAE830087843B /* AppDelegate.swift */,
				4E288E89259FAE830087843B /* SceneDelegate.swift */,
				4E288E90259FAE880087843B /* Assets.xcassets */,
				4E288E92259FAE880087843B /* LaunchScreen.storyboard */,
				4E288F0F25A0BB3F0087843B /* GoogleService-Info.plist */,
				4E288E95259FAE880087843B /* Info.plist */,
			);
			path = "Flash Chat";
			sourceTree = "<group>";
		};
		4E288E9D259FAE890087843B /* Flash ChatTests */ = {
			isa = PBXGroup;
			children = (
				4E288E9E259FAE890087843B /* Flash_ChatTests.swift */,
				4E288EA0259FAE890087843B /* Info.plist */,
			);
			path = "Flash ChatTests";
			sourceTree = "<group>";
		};
		4E288EA8259FAE890087843B /* Flash ChatUITests */ = {
			isa = PBXGroup;
			children = (
				4E288EA9259FAE890087843B /* Flash_ChatUITests.swift */,
				4E288EAB259FAE890087843B /* Info.plist */,
			);
			path = "Flash ChatUITests";
			sourceTree = "<group>";
		};
		4E288EC4259FDE1E0087843B /* Controllers */ = {
			isa = PBXGroup;
			children = (
				4EF049DA25A13FAB00DCC3A9 /* MessageCell.swift */,
				4E288E8B259FAE830087843B /* WelcomeViewController.swift */,
				4E288EC5259FDE930087843B /* RegisterViewController.swift */,
				4E288ECD259FDEBF0087843B /* LoginViewController.swift */,
				4E288ED2259FDEE00087843B /* ChatViewController.swift */,
			);
			path = Controllers;
			sourceTree = "<group>";
		};
		4E288ED825A079040087843B /* Model */ = {
			isa = PBXGroup;
			children = (
				4EF049CC25A130D700DCC3A9 /* Constant.swift */,
				4EF049D225A13A3A00DCC3A9 /* Message.swift */,
				4EF049F425A2318F00DCC3A9 /* FirebaseManager.swift */,
			);
			path = Model;
			sourceTree = "<group>";
		};
		4E288ED925A0790B0087843B /* View */ = {
			isa = PBXGroup;
			children = (
				4E288EBE259FB58F0087843B /* Main.storyboard */,
				4EF049DB25A13FAB00DCC3A9 /* MessageCell.xib */,
			);
			path = View;
			sourceTree = "<group>";
		};
		B7F2DD9233206E495F04B063 /* Frameworks */ = {
			isa = PBXGroup;
			children = (
				71A208D71CD4E30E837D6F70 /* Pods_Flash_Chat.framework */,
			);
			name = Frameworks;
			sourceTree = "<group>";
		};
/* End PBXGroup section */

/* Begin PBXNativeTarget section */
		4E288E83259FAE830087843B /* Flash Chat */ = {
			isa = PBXNativeTarget;
			buildConfigurationList = 4E288EAE259FAE890087843B /* Build configuration list for PBXNativeTarget "Flash Chat" */;
			buildPhases = (
				E0ACEBC4E4BEA47A89C09D4C /* [CP] Check Pods Manifest.lock */,
				4E288E80259FAE830087843B /* Sources */,
				4E288E81259FAE830087843B /* Frameworks */,
				4E288E82259FAE830087843B /* Resources */,
				FF43ED95840B21A572254FC2 /* [CP] Embed Pods Frameworks */,
			);
			buildRules = (
			);
			dependencies = (
			);
			name = "Flash Chat";
			productName = "Flash Chat";
			productReference = 4E288E84259FAE830087843B /* Flash Chat.app */;
			productType = "com.apple.product-type.application";
		};
		4E288E99259FAE890087843B /* Flash ChatTests */ = {
			isa = PBXNativeTarget;
			buildConfigurationList = 4E288EB1259FAE890087843B /* Build configuration list for PBXNativeTarget "Flash ChatTests" */;
			buildPhases = (
				4E288E96259FAE890087843B /* Sources */,
				4E288E97259FAE890087843B /* Frameworks */,
				4E288E98259FAE890087843B /* Resources */,
			);
			buildRules = (
			);
			dependencies = (
				4E288E9C259FAE890087843B /* PBXTargetDependency */,
			);
			name = "Flash ChatTests";
			productName = "Flash ChatTests";
			productReference = 4E288E9A259FAE890087843B /* Flash ChatTests.xctest */;
			productType = "com.apple.product-type.bundle.unit-test";
		};
		4E288EA4259FAE890087843B /* Flash ChatUITests */ = {
			isa = PBXNativeTarget;
			buildConfigurationList = 4E288EB4259FAE890087843B /* Build configuration list for PBXNativeTarget "Flash ChatUITests" */;
			buildPhases = (
				4E288EA1259FAE890087843B /* Sources */,
				4E288EA2259FAE890087843B /* Frameworks */,
				4E288EA3259FAE890087843B /* Resources */,
			);
			buildRules = (
			);
			dependencies = (
				4E288EA7259FAE890087843B /* PBXTargetDependency */,
			);
			name = "Flash ChatUITests";
			productName = "Flash ChatUITests";
			productReference = 4E288EA5259FAE890087843B /* Flash ChatUITests.xctest */;
			productType = "com.apple.product-type.bundle.ui-testing";
		};
/* End PBXNativeTarget section */

/* Begin PBXProject section */
		4E288E7C259FAE830087843B /* Project object */ = {
			isa = PBXProject;
			attributes = {
				LastSwiftUpdateCheck = 1220;
				LastUpgradeCheck = 1220;
				TargetAttributes = {
					4E288E83259FAE830087843B = {
						CreatedOnToolsVersion = 12.2;
					};
					4E288E99259FAE890087843B = {
						CreatedOnToolsVersion = 12.2;
						TestTargetID = 4E288E83259FAE830087843B;
					};
					4E288EA4259FAE890087843B = {
						CreatedOnToolsVersion = 12.2;
						TestTargetID = 4E288E83259FAE830087843B;
					};
				};
			};
			buildConfigurationList = 4E288E7F259FAE830087843B /* Build configuration list for PBXProject "Flash Chat" */;
			compatibilityVersion = "Xcode 9.3";
			developmentRegion = en;
			hasScannedForEncodings = 0;
			knownRegions = (
				en,
				Base,
			);
			mainGroup = 4E288E7B259FAE830087843B;
			productRefGroup = 4E288E85259FAE830087843B /* Products */;
			projectDirPath = "";
			projectRoot = "";
			targets = (
				4E288E83259FAE830087843B /* Flash Chat */,
				4E288E99259FAE890087843B /* Flash ChatTests */,
				4E288EA4259FAE890087843B /* Flash ChatUITests */,
			);
		};
/* End PBXProject section */

/* Begin PBXResourcesBuildPhase section */
		4E288E82259FAE830087843B /* Resources */ = {
			isa = PBXResourcesBuildPhase;
			buildActionMask = 2147483647;
			files = (
				4EF049DD25A13FAB00DCC3A9 /* MessageCell.xib in Resources */,
				4E288EBF259FB58F0087843B /* Main.storyboard in Resources */,
				4E288F1025A0BB400087843B /* GoogleService-Info.plist in Resources */,
				4E288E94259FAE880087843B /* LaunchScreen.storyboard in Resources */,
				4E288E91259FAE880087843B /* Assets.xcassets in Resources */,
			);
			runOnlyForDeploymentPostprocessing = 0;
		};
		4E288E98259FAE890087843B /* Resources */ = {
			isa = PBXResourcesBuildPhase;
			buildActionMask = 2147483647;
			files = (
			);
			runOnlyForDeploymentPostprocessing = 0;
		};
		4E288EA3259FAE890087843B /* Resources */ = {
			isa = PBXResourcesBuildPhase;
			buildActionMask = 2147483647;
			files = (
			);
			runOnlyForDeploymentPostprocessing = 0;
		};
/* End PBXResourcesBuildPhase section */

/* Begin PBXShellScriptBuildPhase section */
		E0ACEBC4E4BEA47A89C09D4C /* [CP] Check Pods Manifest.lock */ = {
			isa = PBXShellScriptBuildPhase;
			buildActionMask = 2147483647;
			files = (
			);
			inputFileListPaths = (
			);
			inputPaths = (
				"${PODS_PODFILE_DIR_PATH}/Podfile.lock",
				"${PODS_ROOT}/Manifest.lock",
			);
			name = "[CP] Check Pods Manifest.lock";
			outputFileListPaths = (
			);
			outputPaths = (
				"$(DERIVED_FILE_DIR)/Pods-Flash Chat-checkManifestLockResult.txt",
			);
			runOnlyForDeploymentPostprocessing = 0;
			shellPath = /bin/sh;
			shellScript = "diff \"${PODS_PODFILE_DIR_PATH}/Podfile.lock\" \"${PODS_ROOT}/Manifest.lock\" > /dev/null\nif [ $? != 0 ] ; then\n    # print error to STDERR\n    echo \"error: The sandbox is not in sync with the Podfile.lock. Run 'pod install' or update your CocoaPods installation.\" >&2\n    exit 1\nfi\n# This output is used by Xcode 'outputs' to avoid re-running this script phase.\necho \"SUCCESS\" > \"${SCRIPT_OUTPUT_FILE_0}\"\n";
			showEnvVarsInLog = 0;
		};
		FF43ED95840B21A572254FC2 /* [CP] Embed Pods Frameworks */ = {
			isa = PBXShellScriptBuildPhase;
			buildActionMask = 2147483647;
			files = (
			);
			inputFileListPaths = (
				"${PODS_ROOT}/Target Support Files/Pods-Flash Chat/Pods-Flash Chat-frameworks-${CONFIGURATION}-input-files.xcfilelist",
			);
			name = "[CP] Embed Pods Frameworks";
			outputFileListPaths = (
				"${PODS_ROOT}/Target Support Files/Pods-Flash Chat/Pods-Flash Chat-frameworks-${CONFIGURATION}-output-files.xcfilelist",
			);
			runOnlyForDeploymentPostprocessing = 0;
			shellPath = /bin/sh;
			shellScript = "\"${PODS_ROOT}/Target Support Files/Pods-Flash Chat/Pods-Flash Chat-frameworks.sh\"\n";
			showEnvVarsInLog = 0;
		};
/* End PBXShellScriptBuildPhase section */

/* Begin PBXSourcesBuildPhase section */
		4E288E80259FAE830087843B /* Sources */ = {
			isa = PBXSourcesBuildPhase;
			buildActionMask = 2147483647;
			files = (
				4EF049CD25A130D800DCC3A9 /* Constant.swift in Sources */,
				4E288E8C259FAE830087843B /* WelcomeViewController.swift in Sources */,
				4E288E88259FAE830087843B /* AppDelegate.swift in Sources */,
				4E288E8A259FAE830087843B /* SceneDelegate.swift in Sources */,
				4E288ECE259FDEBF0087843B /* LoginViewController.swift in Sources */,
				4EF049D325A13A3B00DCC3A9 /* Message.swift in Sources */,
				4E288ED3259FDEE00087843B /* ChatViewController.swift in Sources */,
				4EF049F525A2318F00DCC3A9 /* FirebaseManager.swift in Sources */,
				4E288EC6259FDE930087843B /* RegisterViewController.swift in Sources */,
				4EF049DC25A13FAB00DCC3A9 /* MessageCell.swift in Sources */,
			);
			runOnlyForDeploymentPostprocessing = 0;
		};
		4E288E96259FAE890087843B /* Sources */ = {
			isa = PBXSourcesBuildPhase;
			buildActionMask = 2147483647;
			files = (
				4E288E9F259FAE890087843B /* Flash_ChatTests.swift in Sources */,
			);
			runOnlyForDeploymentPostprocessing = 0;
		};
		4E288EA1259FAE890087843B /* Sources */ = {
			isa = PBXSourcesBuildPhase;
			buildActionMask = 2147483647;
			files = (
				4E288EAA259FAE890087843B /* Flash_ChatUITests.swift in Sources */,
			);
			runOnlyForDeploymentPostprocessing = 0;
		};
/* End PBXSourcesBuildPhase section */

/* Begin PBXTargetDependency section */
		4E288E9C259FAE890087843B /* PBXTargetDependency */ = {
			isa = PBXTargetDependency;
			target = 4E288E83259FAE830087843B /* Flash Chat */;
			targetProxy = 4E288E9B259FAE890087843B /* PBXContainerItemProxy */;
		};
		4E288EA7259FAE890087843B /* PBXTargetDependency */ = {
			isa = PBXTargetDependency;
			target = 4E288E83259FAE830087843B /* Flash Chat */;
			targetProxy = 4E288EA6259FAE890087843B /* PBXContainerItemProxy */;
		};
/* End PBXTargetDependency section */

/* Begin PBXVariantGroup section */
		4E288E92259FAE880087843B /* LaunchScreen.storyboard */ = {
			isa = PBXVariantGroup;
			children = (
				4E288E93259FAE880087843B /* Base */,
			);
			name = LaunchScreen.storyboard;
			sourceTree = "<group>";
		};
/* End PBXVariantGroup section */

/* Begin XCBuildConfiguration section */
		4E288EAC259FAE890087843B /* Debug */ = {
			isa = XCBuildConfiguration;
			buildSettings = {
				ALWAYS_SEARCH_USER_PATHS = NO;
				CLANG_ANALYZER_NONNULL = YES;
				CLANG_ANALYZER_NUMBER_OBJECT_CONVERSION = YES_AGGRESSIVE;
				CLANG_CXX_LANGUAGE_STANDARD = "gnu++14";
				CLANG_CXX_LIBRARY = "libc++";
				CLANG_ENABLE_MODULES = YES;
				CLANG_ENABLE_OBJC_ARC = YES;
				CLANG_ENABLE_OBJC_WEAK = YES;
				CLANG_WARN_BLOCK_CAPTURE_AUTORELEASING = YES;
				CLANG_WARN_BOOL_CONVERSION = YES;
				CLANG_WARN_COMMA = YES;
				CLANG_WARN_CONSTANT_CONVERSION = YES;
				CLANG_WARN_DEPRECATED_OBJC_IMPLEMENTATIONS = YES;
				CLANG_WARN_DIRECT_OBJC_ISA_USAGE = YES_ERROR;
				CLANG_WARN_DOCUMENTATION_COMMENTS = YES;
				CLANG_WARN_EMPTY_BODY = YES;
				CLANG_WARN_ENUM_CONVERSION = YES;
				CLANG_WARN_INFINITE_RECURSION = YES;
				CLANG_WARN_INT_CONVERSION = YES;
				CLANG_WARN_NON_LITERAL_NULL_CONVERSION = YES;
				CLANG_WARN_OBJC_IMPLICIT_RETAIN_SELF = YES;
				CLANG_WARN_OBJC_LITERAL_CONVERSION = YES;
				CLANG_WARN_OBJC_ROOT_CLASS = YES_ERROR;
				CLANG_WARN_QUOTED_INCLUDE_IN_FRAMEWORK_HEADER = YES;
				CLANG_WARN_RANGE_LOOP_ANALYSIS = YES;
				CLANG_WARN_STRICT_PROTOTYPES = YES;
				CLANG_WARN_SUSPICIOUS_MOVE = YES;
				CLANG_WARN_UNGUARDED_AVAILABILITY = YES_AGGRESSIVE;
				CLANG_WARN_UNREACHABLE_CODE = YES;
				CLANG_WARN__DUPLICATE_METHOD_MATCH = YES;
				COPY_PHASE_STRIP = NO;
				DEBUG_INFORMATION_FORMAT = dwarf;
				ENABLE_STRICT_OBJC_MSGSEND = YES;
				ENABLE_TESTABILITY = YES;
				GCC_C_LANGUAGE_STANDARD = gnu11;
				GCC_DYNAMIC_NO_PIC = NO;
				GCC_NO_COMMON_BLOCKS = YES;
				GCC_OPTIMIZATION_LEVEL = 0;
				GCC_PREPROCESSOR_DEFINITIONS = (
					"DEBUG=1",
					"$(inherited)",
				);
				GCC_WARN_64_TO_32_BIT_CONVERSION = YES;
				GCC_WARN_ABOUT_RETURN_TYPE = YES_ERROR;
				GCC_WARN_UNDECLARED_SELECTOR = YES;
				GCC_WARN_UNINITIALIZED_AUTOS = YES_AGGRESSIVE;
				GCC_WARN_UNUSED_FUNCTION = YES;
				GCC_WARN_UNUSED_VARIABLE = YES;
				IPHONEOS_DEPLOYMENT_TARGET = 14.2;
				MTL_ENABLE_DEBUG_INFO = INCLUDE_SOURCE;
				MTL_FAST_MATH = YES;
				ONLY_ACTIVE_ARCH = YES;
				SDKROOT = iphoneos;
				SWIFT_ACTIVE_COMPILATION_CONDITIONS = DEBUG;
				SWIFT_OPTIMIZATION_LEVEL = "-Onone";
			};
			name = Debug;
		};
		4E288EAD259FAE890087843B /* Release */ = {
			isa = XCBuildConfiguration;
			buildSettings = {
				ALWAYS_SEARCH_USER_PATHS = NO;
				CLANG_ANALYZER_NONNULL = YES;
				CLANG_ANALYZER_NUMBER_OBJECT_CONVERSION = YES_AGGRESSIVE;
				CLANG_CXX_LANGUAGE_STANDARD = "gnu++14";
				CLANG_CXX_LIBRARY = "libc++";
				CLANG_ENABLE_MODULES = YES;
				CLANG_ENABLE_OBJC_ARC = YES;
				CLANG_ENABLE_OBJC_WEAK = YES;
				CLANG_WARN_BLOCK_CAPTURE_AUTORELEASING = YES;
				CLANG_WARN_BOOL_CONVERSION = YES;
				CLANG_WARN_COMMA = YES;
				CLANG_WARN_CONSTANT_CONVERSION = YES;
				CLANG_WARN_DEPRECATED_OBJC_IMPLEMENTATIONS = YES;
				CLANG_WARN_DIRECT_OBJC_ISA_USAGE = YES_ERROR;
				CLANG_WARN_DOCUMENTATION_COMMENTS = YES;
				CLANG_WARN_EMPTY_BODY = YES;
				CLANG_WARN_ENUM_CONVERSION = YES;
				CLANG_WARN_INFINITE_RECURSION = YES;
				CLANG_WARN_INT_CONVERSION = YES;
				CLANG_WARN_NON_LITERAL_NULL_CONVERSION = YES;
				CLANG_WARN_OBJC_IMPLICIT_RETAIN_SELF = YES;
				CLANG_WARN_OBJC_LITERAL_CONVERSION = YES;
				CLANG_WARN_OBJC_ROOT_CLASS = YES_ERROR;
				CLANG_WARN_QUOTED_INCLUDE_IN_FRAMEWORK_HEADER = YES;
				CLANG_WARN_RANGE_LOOP_ANALYSIS = YES;
				CLANG_WARN_STRICT_PROTOTYPES = YES;
				CLANG_WARN_SUSPICIOUS_MOVE = YES;
				CLANG_WARN_UNGUARDED_AVAILABILITY = YES_AGGRESSIVE;
				CLANG_WARN_UNREACHABLE_CODE = YES;
				CLANG_WARN__DUPLICATE_METHOD_MATCH = YES;
				COPY_PHASE_STRIP = NO;
				DEBUG_INFORMATION_FORMAT = "dwarf-with-dsym";
				ENABLE_NS_ASSERTIONS = NO;
				ENABLE_STRICT_OBJC_MSGSEND = YES;
				GCC_C_LANGUAGE_STANDARD = gnu11;
				GCC_NO_COMMON_BLOCKS = YES;
				GCC_WARN_64_TO_32_BIT_CONVERSION = YES;
				GCC_WARN_ABOUT_RETURN_TYPE = YES_ERROR;
				GCC_WARN_UNDECLARED_SELECTOR = YES;
				GCC_WARN_UNINITIALIZED_AUTOS = YES_AGGRESSIVE;
				GCC_WARN_UNUSED_FUNCTION = YES;
				GCC_WARN_UNUSED_VARIABLE = YES;
				IPHONEOS_DEPLOYMENT_TARGET = 14.2;
				MTL_ENABLE_DEBUG_INFO = NO;
				MTL_FAST_MATH = YES;
				SDKROOT = iphoneos;
				SWIFT_COMPILATION_MODE = wholemodule;
				SWIFT_OPTIMIZATION_LEVEL = "-O";
				VALIDATE_PRODUCT = YES;
			};
			name = Release;
		};
		4E288EAF259FAE890087843B /* Debug */ = {
			isa = XCBuildConfiguration;
			baseConfigurationReference = 7B3CF08CF63D86F45D5DC986 /* Pods-Flash Chat.debug.xcconfig */;
			buildSettings = {
				ASSETCATALOG_COMPILER_APPICON_NAME = AppIcon;
				ASSETCATALOG_COMPILER_GLOBAL_ACCENT_COLOR_NAME = AccentColor;
				CODE_SIGN_STYLE = Automatic;
				DEVELOPMENT_TEAM = V7GM8G5V55;
				INFOPLIST_FILE = "Flash Chat/Info.plist";
				LD_RUNPATH_SEARCH_PATHS = (
					"$(inherited)",
					"@executable_path/Frameworks",
				);
				PRODUCT_BUNDLE_IDENTIFIER = "com.joaovictoripiraja.Flash-Chat";
				PRODUCT_NAME = "$(TARGET_NAME)";
				SWIFT_VERSION = 5.0;
				TARGETED_DEVICE_FAMILY = "1,2";
			};
			name = Debug;
		};
		4E288EB0259FAE890087843B /* Release */ = {
			isa = XCBuildConfiguration;
			baseConfigurationReference = 6F3A058559D7A0940B75988D /* Pods-Flash Chat.release.xcconfig */;
			buildSettings = {
				ASSETCATALOG_COMPILER_APPICON_NAME = AppIcon;
				ASSETCATALOG_COMPILER_GLOBAL_ACCENT_COLOR_NAME = AccentColor;
				CODE_SIGN_STYLE = Automatic;
				DEVELOPMENT_TEAM = V7GM8G5V55;
				INFOPLIST_FILE = "Flash Chat/Info.plist";
				LD_RUNPATH_SEARCH_PATHS = (
					"$(inherited)",
					"@executable_path/Frameworks",
				);
				PRODUCT_BUNDLE_IDENTIFIER = "com.joaovictoripiraja.Flash-Chat";
				PRODUCT_NAME = "$(TARGET_NAME)";
				SWIFT_VERSION = 5.0;
				TARGETED_DEVICE_FAMILY = "1,2";
			};
			name = Release;
		};
		4E288EB2259FAE890087843B /* Debug */ = {
			isa = XCBuildConfiguration;
			buildSettings = {
				ALWAYS_EMBED_SWIFT_STANDARD_LIBRARIES = YES;
				BUNDLE_LOADER = "$(TEST_HOST)";
				CODE_SIGN_STYLE = Automatic;
				DEVELOPMENT_TEAM = V7GM8G5V55;
				INFOPLIST_FILE = "Flash ChatTests/Info.plist";
				IPHONEOS_DEPLOYMENT_TARGET = 14.2;
				LD_RUNPATH_SEARCH_PATHS = (
					"$(inherited)",
					"@executable_path/Frameworks",
					"@loader_path/Frameworks",
				);
				PRODUCT_BUNDLE_IDENTIFIER = "com.joaovictoripiraja.Flash-ChatTests";
				PRODUCT_NAME = "$(TARGET_NAME)";
				SWIFT_VERSION = 5.0;
				TARGETED_DEVICE_FAMILY = "1,2";
				TEST_HOST = "$(BUILT_PRODUCTS_DIR)/Flash Chat.app/Flash Chat";
			};
			name = Debug;
		};
		4E288EB3259FAE890087843B /* Release */ = {
			isa = XCBuildConfiguration;
			buildSettings = {
				ALWAYS_EMBED_SWIFT_STANDARD_LIBRARIES = YES;
				BUNDLE_LOADER = "$(TEST_HOST)";
				CODE_SIGN_STYLE = Automatic;
				DEVELOPMENT_TEAM = V7GM8G5V55;
				INFOPLIST_FILE = "Flash ChatTests/Info.plist";
				IPHONEOS_DEPLOYMENT_TARGET = 14.2;
				LD_RUNPATH_SEARCH_PATHS = (
					"$(inherited)",
					"@executable_path/Frameworks",
					"@loader_path/Frameworks",
				);
				PRODUCT_BUNDLE_IDENTIFIER = "com.joaovictoripiraja.Flash-ChatTests";
				PRODUCT_NAME = "$(TARGET_NAME)";
				SWIFT_VERSION = 5.0;
				TARGETED_DEVICE_FAMILY = "1,2";
				TEST_HOST = "$(BUILT_PRODUCTS_DIR)/Flash Chat.app/Flash Chat";
			};
			name = Release;
		};
		4E288EB5259FAE890087843B /* Debug */ = {
			isa = XCBuildConfiguration;
			buildSettings = {
				ALWAYS_EMBED_SWIFT_STANDARD_LIBRARIES = YES;
				CODE_SIGN_STYLE = Automatic;
				DEVELOPMENT_TEAM = V7GM8G5V55;
				INFOPLIST_FILE = "Flash ChatUITests/Info.plist";
				LD_RUNPATH_SEARCH_PATHS = (
					"$(inherited)",
					"@executable_path/Frameworks",
					"@loader_path/Frameworks",
				);
				PRODUCT_BUNDLE_IDENTIFIER = "com.joaovictoripiraja.Flash-ChatUITests";
				PRODUCT_NAME = "$(TARGET_NAME)";
				SWIFT_VERSION = 5.0;
				TARGETED_DEVICE_FAMILY = "1,2";
				TEST_TARGET_NAME = "Flash Chat";
			};
			name = Debug;
		};
		4E288EB6259FAE890087843B /* Release */ = {
			isa = XCBuildConfiguration;
			buildSettings = {
				ALWAYS_EMBED_SWIFT_STANDARD_LIBRARIES = YES;
				CODE_SIGN_STYLE = Automatic;
				DEVELOPMENT_TEAM = V7GM8G5V55;
				INFOPLIST_FILE = "Flash ChatUITests/Info.plist";
				LD_RUNPATH_SEARCH_PATHS = (
					"$(inherited)",
					"@executable_path/Frameworks",
					"@loader_path/Frameworks",
				);
				PRODUCT_BUNDLE_IDENTIFIER = "com.joaovictoripiraja.Flash-ChatUITests";
				PRODUCT_NAME = "$(TARGET_NAME)";
				SWIFT_VERSION = 5.0;
				TARGETED_DEVICE_FAMILY = "1,2";
				TEST_TARGET_NAME = "Flash Chat";
			};
			name = Release;
		};
/* End XCBuildConfiguration section */

/* Begin XCConfigurationList section */
		4E288E7F259FAE830087843B /* Build configuration list for PBXProject "Flash Chat" */ = {
			isa = XCConfigurationList;
			buildConfigurations = (
				4E288EAC259FAE890087843B /* Debug */,
				4E288EAD259FAE890087843B /* Release */,
			);
			defaultConfigurationIsVisible = 0;
			defaultConfigurationName = Release;
		};
		4E288EAE259FAE890087843B /* Build configuration list for PBXNativeTarget "Flash Chat" */ = {
			isa = XCConfigurationList;
			buildConfigurations = (
				4E288EAF259FAE890087843B /* Debug */,
				4E288EB0259FAE890087843B /* Release */,
			);
			defaultConfigurationIsVisible = 0;
			defaultConfigurationName = Release;
		};
		4E288EB1259FAE890087843B /* Build configuration list for PBXNativeTarget "Flash ChatTests" */ = {
			isa = XCConfigurationList;
			buildConfigurations = (
				4E288EB2259FAE890087843B /* Debug */,
				4E288EB3259FAE890087843B /* Release */,
			);
			defaultConfigurationIsVisible = 0;
			defaultConfigurationName = Release;
		};
		4E288EB4259FAE890087843B /* Build configuration list for PBXNativeTarget "Flash ChatUITests" */ = {
			isa = XCConfigurationList;
			buildConfigurations = (
				4E288EB5259FAE890087843B /* Debug */,
				4E288EB6259FAE890087843B /* Release */,
			);
			defaultConfigurationIsVisible = 0;
			defaultConfigurationName = Release;
		};
/* End XCConfigurationList section */
	};
	rootObject = 4E288E7C259FAE830087843B /* Project object */;
}
